
Microsoft Visual Studio Solution File, Format Version 12.00
# Visual Studio Version 17
VisualStudioVersion = 17.10.35013.160
MinimumVisualStudioVersion = 10.0.40219.1
Project("{FAE04EC0-301F-11D3-BF4B-00C04F79EFBC}") = "ConsoleAppTemplateExampleWithSerilog", "ConsoleAppTemplateExampleWithSerilog.csproj", "{BA6E8EFE-FC22-4EA9-9D4A-8F231520CFDF}"
EndProject
Global
	GlobalSection(SolutionConfigurationPlatforms) = preSolution
		Debug|Any CPU = Debug|Any CPU
		Release|Any CPU = Release|Any CPU
	EndGlobalSection
	GlobalSection(ProjectConfigurationPlatforms) = postSolution
		{BA6E8EFE-FC22-4EA9-9D4A-8F231520CFDF}.Debug|Any CPU.ActiveCfg = Debug|Any CPU
		{BA6E8EFE-FC22-4EA9-9D4A-8F231520CFDF}.Debug|Any CPU.Build.0 = Debug|Any CPU
		{BA6E8EFE-FC22-4EA9-9D4A-8F231520CFDF}.Release|Any CPU.ActiveCfg = Release|Any CPU
		{BA6E8EFE-FC22-4EA9-9D4A-8F231520CFDF}.Release|Any CPU.Build.0 = Release|Any CPU
	EndGlobalSection
	GlobalSection(SolutionProperties) = preSolution
		HideSolutionNode = FALSE
	EndGlobalSection
	GlobalSection(ExtensibilityGlobals) = postSolution
		SolutionGuid = {8A1E477C-20B9-4AA0-958F-D5119E930595}
	EndGlobalSection
EndGlobal
